{
  "name": "Arogya",
  "lockfileVersion": 3,
  "requires": true,
  "packages": {
    "": {
      "dependencies": {
        "@vapi-ai/web": "^2.5.2"
      }
    },
    "node_modules/@babel/runtime": {
      "version": "7.28.4",
      "resolved": "https://registry.npmjs.org/@babel/runtime/-/runtime-7.28.4.tgz",
      "integrity": "sha512-Q/N6JNWvIvPnLDvjlE1OUBLPQHH6l3CltCEsHIujp45zQUSSh8K+gHnaEX45yAT1nyngnINhvWtzN+Nb9D8RAQ==",
      "license": "MIT",
      "engines": {
        "node": ">=6.9.0"
      }
    },
    "node_modules/@daily-co/daily-js": {
      "version": "0.85.0",
      "resolved": "https://registry.npmjs.org/@daily-co/daily-js/-/daily-js-0.85.0.tgz",
      "integrity": "sha512-lpl111ZWNTUWDnwYcPuNi9PGJPbLCeCw6LzmEY40nG0hv1jg5JLVW8Rq3Cj/+lOCP6W6h4PXm211ss0FFnxITQ==",
      "license": "BSD-2-Clause",
      "dependencies": {
        "@babel/runtime": "^7.12.5",
        "@sentry/browser": "^8.33.1",
        "bowser": "^2.8.1",
        "dequal": "^2.0.3",
        "events": "^3.1.0"
      },
      "engines": {
        "node": ">=10.0.0"
      }
    },
    "node_modules/@sentry-internal/browser-utils": {
      "version": "8.55.0",
      "resolved": "https://registry.npmjs.org/@sentry-internal/browser-utils/-/browser-utils-8.55.0.tgz",
      "integrity": "sha512-ROgqtQfpH/82AQIpESPqPQe0UyWywKJsmVIqi3c5Fh+zkds5LUxnssTj3yNd1x+kxaPDVB023jAP+3ibNgeNDw==",
      "license": "MIT",
      "dependencies": {
        "@sentry/core": "8.55.0"
      },
      "engines": {
        "node": ">=14.18"
      }
    },
    "node_modules/@sentry-internal/feedback": {
      "version": "8.55.0",
      "resolved": "https://registry.npmjs.org/@sentry-internal/feedback/-/feedback-8.55.0.tgz",
      "integrity": "sha512-cP3BD/Q6pquVQ+YL+rwCnorKuTXiS9KXW8HNKu4nmmBAyf7urjs+F6Hr1k9MXP5yQ8W3yK7jRWd09Yu6DHWOiw==",
      "license": "MIT",
      "dependencies": {
        "@sentry/core": "8.55.0"
      },
      "engines": {
        "node": ">=14.18"
      }
    },
    "node_modules/@sentry-internal/replay": {
      "version": "8.55.0",
      "resolved": "https://registry.npmjs.org/@sentry-internal/replay/-/replay-8.55.0.tgz",
      "integrity": "sha512-roCDEGkORwolxBn8xAKedybY+Jlefq3xYmgN2fr3BTnsXjSYOPC7D1/mYqINBat99nDtvgFvNfRcZPiwwZ1hSw==",
      "license": "MIT",
      "dependencies": {
        "@sentry-internal/browser-utils": "8.55.0",
        "@sentry/core": "8.55.0"
      },
      "engines": {
        "node": ">=14.18"
      }
    },
    "node_modules/@sentry-internal/replay-canvas": {
      "version": "8.55.0",
      "resolved": "https://registry.npmjs.org/@sentry-internal/replay-canvas/-/replay-canvas-8.55.0.tgz",
      "integrity": "sha512-nIkfgRWk1091zHdu4NbocQsxZF1rv1f7bbp3tTIlZYbrH62XVZosx5iHAuZG0Zc48AETLE7K4AX9VGjvQj8i9w==",
      "license": "MIT",
      "dependencies": {
        "@sentry-internal/replay": "8.55.0",
        "@sentry/core": "8.55.0"
      },
      "engines": {
        "node": ">=14.18"
      }
    },
    "node_modules/@sentry/browser": {
      "version": "8.55.0",
      "resolved": "https://registry.npmjs.org/@sentry/browser/-/browser-8.55.0.tgz",
      "integrity": "sha512-1A31mCEWCjaMxJt6qGUK+aDnLDcK6AwLAZnqpSchNysGni1pSn1RWSmk9TBF8qyTds5FH8B31H480uxMPUJ7Cw==",
      "license": "MIT",
      "dependencies": {
        "@sentry-internal/browser-utils": "8.55.0",
        "@sentry-internal/feedback": "8.55.0",
        "@sentry-internal/replay": "8.55.0",
        "@sentry-internal/replay-canvas": "8.55.0",
        "@sentry/core": "8.55.0"
      },
      "engines": {
        "node": ">=14.18"
      }
    },
    "node_modules/@sentry/core": {
      "version": "8.55.0",
      "resolved": "https://registry.npmjs.org/@sentry/core/-/core-8.55.0.tgz",
      "integrity": "sha512-6g7jpbefjHYs821Z+EBJ8r4Z7LT5h80YSWRJaylGS4nW5W5Z2KXzpdnyFarv37O7QjauzVC2E+PABmpkw5/JGA==",
      "license": "MIT",
      "engines": {
        "node": ">=14.18"
      }
    },
    "node_modules/@vapi-ai/web": {
      "version": "2.5.2",
      "resolved": "https://registry.npmjs.org/@vapi-ai/web/-/web-2.5.2.tgz",
      "integrity": "sha512-mT4DjApi0/0+EK77h2xOLq3qVBa7rv3JNQ+gFWuhFE4YdGYxI51+fn8bQI9N535+zU/Z4jFKXotdBHQJ3filHA==",
      "license": "MIT",
      "dependencies": {
        "@daily-co/daily-js": "^0.85.0",
        "events": "^3.3.0"
      },
      "engines": {
        "node": ">=18.0.0"
      }
    },
    "node_modules/bowser": {
      "version": "2.13.1",
      "resolved": "https://registry.npmjs.org/bowser/-/bowser-2.13.1.tgz",
      "integrity": "sha512-OHawaAbjwx6rqICCKgSG0SAnT05bzd7ppyKLVUITZpANBaaMFBAsaNkto3LoQ31tyFP5kNujE8Cdx85G9VzOkw==",
      "license": "MIT"
    },
    "node_modules/dequal": {
      "version": "2.0.3",
      "resolved": "https://registry.npmjs.org/dequal/-/dequal-2.0.3.tgz",
      "integrity": "sha512-0je+qPKHEMohvfRTCEo3CrPG6cAzAYgmzKyxRiYSSDkS6eGJdyVJm7WaYA5ECaAD9wLB2T4EEeymA5aFVcYXCA==",
      "license": "MIT",
      "engines": {
        "node": ">=6"
      }
    },
    "node_modules/events": {
      "version": "3.3.0",
      "resolved": "https://registry.npmjs.org/events/-/events-3.3.0.tgz",
      "integrity": "sha512-mQw+2fkQbALzQ7V0MY0IqdnXNOeTtP4r0lN9z7AAawCXgqea7bDii20AYrIBrFd/Hx0M2Ocz6S111CaFkUcb0Q==",
      "license": "MIT",
      "engines": {
        "node": ">=0.8.x"
      }
    }
  }
}
